lockfileVersion: "6.1"

settings:
  autoInstallPeers: true
  excludeLinksFromLockfile: false

dependencies:
  benchmark:
    specifier: ^2.1.4
    version: 2.1.4
  mitt:
    specifier: ^3.0.0
    version: 3.0.0
  tseep:
    specifier: ^1.1.1
    version: 1.1.1
  zod:
    specifier: ^3.21.4
    version: 3.21.4
  zodbus:
    specifier: link:..
    version: link:..

devDependencies:
  tinybench:
    specifier: ^2.5.0
    version: 2.5.0

packages:
  /benchmark@2.1.4:
    resolution:
      { integrity: sha512-l9MlfN4M1K/H2fbhfMy3B7vJd6AGKJVQn2h6Sg/Yx+KckoUA7ewS5Vv6TjSq18ooE1kS9hhAlQRH3AkXIh/aOQ== }
    dependencies:
      lodash: 4.17.21
      platform: 1.3.6
    dev: false

  /lodash@4.17.21:
    resolution:
      { integrity: sha512-v2kDEe57lecTulaDIuNTPy3Ry4gLGJ6Z1O3vE1krgXZNrsQ+LFTGHVxVjcXPs17LhbZVGedAJv8XZ1tvj5FvSg== }
    dev: false

  /mitt@3.0.0:
    resolution:
      { integrity: sha512-7dX2/10ITVyqh4aOSVI9gdape+t9l2/8QxHrFmUXu4EEUpdlxl6RudZUPZoc+zuY2hk1j7XxVroIVIan/pD/SQ== }
    dev: false

  /platform@1.3.6:
    resolution:
      { integrity: sha512-fnWVljUchTro6RiCFvCXBbNhJc2NijN7oIQxbwsyL0buWJPG85v81ehlHI9fXrJsMNgTofEoWIQeClKpgxFLrg== }
    dev: false

  /tinybench@2.5.0:
    resolution:
      { integrity: sha512-kRwSG8Zx4tjF9ZiyH4bhaebu+EDz1BOx9hOigYHlUW4xxI/wKIUQUqo018UlU4ar6ATPBsaMrdbKZ+tmPdohFA== }
    dev: true

  /tseep@1.1.1:
    resolution:
      { integrity: sha512-w2MjaqNWGDeliT5/W+/lhhnR0URiVwXXsXbkAZjQVywrOpdKhQAOL1ycyHfNOV1QBjouC7FawNmJePet1sGesw== }
    dev: false

  /zod@3.21.4:
    resolution:
      { integrity: sha512-m46AKbrzKVzOzs/DZgVnG5H55N1sv1M8qZU3A8RIKbs3mrACDNeIOeilDymVb2HdmP8uwshOCF4uJ8uM9rCqJw== }
    dev: false
